
Microsoft Visual Studio Solution File, Format Version 12.00
# Visual Studio Version 16
VisualStudioVersion = 16.0.32002.261
MinimumVisualStudioVersion = 10.0.40219.1
Project("{FAE04EC0-301F-11D3-BF4B-00C04F79EFBC}") = "HW-2-C-Sharp-Task-2", "HW-2-C-Sharp-Task-2\HW-2-C-Sharp-Task-2.csproj", "{A79497C1-5231-414F-A8AF-6FF9ADC83CC0}"
EndProject
Global
	GlobalSection(SolutionConfigurationPlatforms) = preSolution
		Debug|Any CPU = Debug|Any CPU
		Release|Any CPU = Release|Any CPU
	EndGlobalSection
	GlobalSection(ProjectConfigurationPlatforms) = postSolution
		{A79497C1-5231-414F-A8AF-6FF9ADC83CC0}.Debug|Any CPU.ActiveCfg = Debug|Any CPU
		{A79497C1-5231-414F-A8AF-6FF9ADC83CC0}.Debug|Any CPU.Build.0 = Debug|Any CPU
		{A79497C1-5231-414F-A8AF-6FF9ADC83CC0}.Release|Any CPU.ActiveCfg = Release|Any CPU
		{A79497C1-5231-414F-A8AF-6FF9ADC83CC0}.Release|Any CPU.Build.0 = Release|Any CPU
	EndGlobalSection
	GlobalSection(SolutionProperties) = preSolution
		HideSolutionNode = FALSE
	EndGlobalSection
	GlobalSection(ExtensibilityGlobals) = postSolution
		SolutionGuid = {CE706BC1-5C6D-41C2-B0E1-751324719179}
	EndGlobalSection
EndGlobal
